
Microsoft Visual Studio Solution File, Format Version 12.00
# Visual Studio Version 16
VisualStudioVersion = 16.0.34729.46
MinimumVisualStudioVersion = 10.0.40219.1
Project("{FAE04EC0-301F-11D3-BF4B-00C04F79EFBC}") = "SurveyQuesion", "SurveyQuesion.csproj", "{D15B3C13-9FEB-4715-923F-E8B05A2A5F16}"
EndProject
Global
	GlobalSection(SolutionConfigurationPlatforms) = preSolution
		Debug|Any CPU = Debug|Any CPU
		Release|Any CPU = Release|Any CPU
	EndGlobalSection
	GlobalSection(ProjectConfigurationPlatforms) = postSolution
		{D15B3C13-9FEB-4715-923F-E8B05A2A5F16}.Debug|Any CPU.ActiveCfg = Debug|Any CPU
		{D15B3C13-9FEB-4715-923F-E8B05A2A5F16}.Debug|Any CPU.Build.0 = Debug|Any CPU
		{D15B3C13-9FEB-4715-923F-E8B05A2A5F16}.Release|Any CPU.ActiveCfg = Release|Any CPU
		{D15B3C13-9FEB-4715-923F-E8B05A2A5F16}.Release|Any CPU.Build.0 = Release|Any CPU
	EndGlobalSection
	GlobalSection(SolutionProperties) = preSolution
		HideSolutionNode = FALSE
	EndGlobalSection
	GlobalSection(ExtensibilityGlobals) = postSolution
		SolutionGuid = {F09D6FAF-8031-443C-BCC6-D27AC1D12621}
	EndGlobalSection
EndGlobal
